
Microsoft Visual Studio Solution File, Format Version 12.00
# Visual Studio Version 17
VisualStudioVersion = 17.9.34607.119
MinimumVisualStudioVersion = 10.0.40219.1
Project("{8BC9CEB8-8B4A-11D0-8D11-00A0C91BC942}") = "TestBed", "TestBed\TestBed.vcxproj", "{8AEE8E5B-02CC-444E-91B5-7EC49F4DC0A6}"
EndProject
Project("{8BC9CEB8-8B4A-11D0-8D11-00A0C91BC942}") = "Engine", "Engine\Engine.vcxproj", "{701E259B-EE98-45AE-8D9F-64F5DD74D741}"
EndProject
Project("{8BC9CEB8-8B4A-11D0-8D11-00A0C91BC942}") = "Sandbox", "Sandbox\Sandbox.vcxproj", "{4652DFDA-EADA-4627-A0BB-D56DC46DB287}"
EndProject
Project("{8BC9CEB8-8B4A-11D0-8D11-00A0C91BC942}") = "Mango", "Mango\Mango.vcxproj", "{A313DB1D-CCD5-451E-A655-3389448A2FBD}"
EndProject
Global
	GlobalSection(SolutionConfigurationPlatforms) = preSolution
		Debug|Any CPU = Debug|Any CPU
		Debug|ARM = Debug|ARM
		Debug|ARM64 = Debug|ARM64
		Debug|x64 = Debug|x64
		Debug|x86 = Debug|x86
		Release|Any CPU = Release|Any CPU
		Release|ARM = Release|ARM
		Release|ARM64 = Release|ARM64
		Release|x64 = Release|x64
		Release|x86 = Release|x86
	EndGlobalSection
	GlobalSection(ProjectConfigurationPlatforms) = postSolution
		{8AEE8E5B-02CC-444E-91B5-7EC49F4DC0A6}.Debug|Any CPU.ActiveCfg = Debug|x64
		{8AEE8E5B-02CC-444E-91B5-7EC49F4DC0A6}.Debug|Any CPU.Build.0 = Debug|x64
		{8AEE8E5B-02CC-444E-91B5-7EC49F4DC0A6}.Debug|ARM.ActiveCfg = Debug|x64
		{8AEE8E5B-02CC-444E-91B5-7EC49F4DC0A6}.Debug|ARM.Build.0 = Debug|x64
		{8AEE8E5B-02CC-444E-91B5-7EC49F4DC0A6}.Debug|ARM64.ActiveCfg = Debug|x64
		{8AEE8E5B-02CC-444E-91B5-7EC49F4DC0A6}.Debug|ARM64.Build.0 = Debug|x64
		{8AEE8E5B-02CC-444E-91B5-7EC49F4DC0A6}.Debug|x64.ActiveCfg = Debug|x64
		{8AEE8E5B-02CC-444E-91B5-7EC49F4DC0A6}.Debug|x64.Build.0 = Debug|x64
		{8AEE8E5B-02CC-444E-91B5-7EC49F4DC0A6}.Debug|x86.ActiveCfg = Debug|Win32
		{8AEE8E5B-02CC-444E-91B5-7EC49F4DC0A6}.Debug|x86.Build.0 = Debug|Win32
		{8AEE8E5B-02CC-444E-91B5-7EC49F4DC0A6}.Release|Any CPU.ActiveCfg = Release|x64
		{8AEE8E5B-02CC-444E-91B5-7EC49F4DC0A6}.Release|Any CPU.Build.0 = Release|x64
		{8AEE8E5B-02CC-444E-91B5-7EC49F4DC0A6}.Release|ARM.ActiveCfg = Release|x64
		{8AEE8E5B-02CC-444E-91B5-7EC49F4DC0A6}.Release|ARM.Build.0 = Release|x64
		{8AEE8E5B-02CC-444E-91B5-7EC49F4DC0A6}.Release|ARM64.ActiveCfg = Release|x64
		{8AEE8E5B-02CC-444E-91B5-7EC49F4DC0A6}.Release|ARM64.Build.0 = Release|x64
		{8AEE8E5B-02CC-444E-91B5-7EC49F4DC0A6}.Release|x64.ActiveCfg = Release|x64
		{8AEE8E5B-02CC-444E-91B5-7EC49F4DC0A6}.Release|x64.Build.0 = Release|x64
		{8AEE8E5B-02CC-444E-91B5-7EC49F4DC0A6}.Release|x86.ActiveCfg = Release|Win32
		{8AEE8E5B-02CC-444E-91B5-7EC49F4DC0A6}.Release|x86.Build.0 = Release|Win32
		{701E259B-EE98-45AE-8D9F-64F5DD74D741}.Debug|Any CPU.ActiveCfg = Debug|x64
		{701E259B-EE98-45AE-8D9F-64F5DD74D741}.Debug|Any CPU.Build.0 = Debug|x64
		{701E259B-EE98-45AE-8D9F-64F5DD74D741}.Debug|ARM.ActiveCfg = Debug|x64
		{701E259B-EE98-45AE-8D9F-64F5DD74D741}.Debug|ARM.Build.0 = Debug|x64
		{701E259B-EE98-45AE-8D9F-64F5DD74D741}.Debug|ARM64.ActiveCfg = Debug|x64
		{701E259B-EE98-45AE-8D9F-64F5DD74D741}.Debug|ARM64.Build.0 = Debug|x64
		{701E259B-EE98-45AE-8D9F-64F5DD74D741}.Debug|x64.ActiveCfg = Debug|x64
		{701E259B-EE98-45AE-8D9F-64F5DD74D741}.Debug|x64.Build.0 = Debug|x64
		{701E259B-EE98-45AE-8D9F-64F5DD74D741}.Debug|x86.ActiveCfg = Debug|Win32
		{701E259B-EE98-45AE-8D9F-64F5DD74D741}.Debug|x86.Build.0 = Debug|Win32
		{701E259B-EE98-45AE-8D9F-64F5DD74D741}.Release|Any CPU.ActiveCfg = Release|x64
		{701E259B-EE98-45AE-8D9F-64F5DD74D741}.Release|Any CPU.Build.0 = Release|x64
		{701E259B-EE98-45AE-8D9F-64F5DD74D741}.Release|ARM.ActiveCfg = Release|x64
		{701E259B-EE98-45AE-8D9F-64F5DD74D741}.Release|ARM.Build.0 = Release|x64
		{701E259B-EE98-45AE-8D9F-64F5DD74D741}.Release|ARM64.ActiveCfg = Release|x64
		{701E259B-EE98-45AE-8D9F-64F5DD74D741}.Release|ARM64.Build.0 = Release|x64
		{701E259B-EE98-45AE-8D9F-64F5DD74D741}.Release|x64.ActiveCfg = Release|x64
		{701E259B-EE98-45AE-8D9F-64F5DD74D741}.Release|x64.Build.0 = Release|x64
		{701E259B-EE98-45AE-8D9F-64F5DD74D741}.Release|x86.ActiveCfg = Release|Win32
		{701E259B-EE98-45AE-8D9F-64F5DD74D741}.Release|x86.Build.0 = Release|Win32
		{4652DFDA-EADA-4627-A0BB-D56DC46DB287}.Debug|Any CPU.ActiveCfg = Debug|x64
		{4652DFDA-EADA-4627-A0BB-D56DC46DB287}.Debug|Any CPU.Build.0 = Debug|x64
		{4652DFDA-EADA-4627-A0BB-D56DC46DB287}.Debug|ARM.ActiveCfg = Debug|x64
		{4652DFDA-EADA-4627-A0BB-D56DC46DB287}.Debug|ARM.Build.0 = Debug|x64
		{4652DFDA-EADA-4627-A0BB-D56DC46DB287}.Debug|ARM64.ActiveCfg = Debug|x64
		{4652DFDA-EADA-4627-A0BB-D56DC46DB287}.Debug|ARM64.Build.0 = Debug|x64
		{4652DFDA-EADA-4627-A0BB-D56DC46DB287}.Debug|x64.ActiveCfg = Debug|x64
		{4652DFDA-EADA-4627-A0BB-D56DC46DB287}.Debug|x64.Build.0 = Debug|x64
		{4652DFDA-EADA-4627-A0BB-D56DC46DB287}.Debug|x86.ActiveCfg = Debug|Win32
		{4652DFDA-EADA-4627-A0BB-D56DC46DB287}.Debug|x86.Build.0 = Debug|Win32
		{4652DFDA-EADA-4627-A0BB-D56DC46DB287}.Release|Any CPU.ActiveCfg = Release|x64
		{4652DFDA-EADA-4627-A0BB-D56DC46DB287}.Release|Any CPU.Build.0 = Release|x64
		{4652DFDA-EADA-4627-A0BB-D56DC46DB287}.Release|ARM.ActiveCfg = Release|x64
		{4652DFDA-EADA-4627-A0BB-D56DC46DB287}.Release|ARM.Build.0 = Release|x64
		{4652DFDA-EADA-4627-A0BB-D56DC46DB287}.Release|ARM64.ActiveCfg = Release|x64
		{4652DFDA-EADA-4627-A0BB-D56DC46DB287}.Release|ARM64.Build.0 = Release|x64
		{4652DFDA-EADA-4627-A0BB-D56DC46DB287}.Release|x64.ActiveCfg = Release|x64
		{4652DFDA-EADA-4627-A0BB-D56DC46DB287}.Release|x64.Build.0 = Release|x64
		{4652DFDA-EADA-4627-A0BB-D56DC46DB287}.Release|x86.ActiveCfg = Release|Win32
		{4652DFDA-EADA-4627-A0BB-D56DC46DB287}.Release|x86.Build.0 = Release|Win32
		{A313DB1D-CCD5-451E-A655-3389448A2FBD}.Debug|Any CPU.ActiveCfg = Debug|x64
		{A313DB1D-CCD5-451E-A655-3389448A2FBD}.Debug|Any CPU.Build.0 = Debug|x64
		{A313DB1D-CCD5-451E-A655-3389448A2FBD}.Debug|ARM.ActiveCfg = Debug|x64
		{A313DB1D-CCD5-451E-A655-3389448A2FBD}.Debug|ARM.Build.0 = Debug|x64
		{A313DB1D-CCD5-451E-A655-3389448A2FBD}.Debug|ARM64.ActiveCfg = Debug|x64
		{A313DB1D-CCD5-451E-A655-3389448A2FBD}.Debug|ARM64.Build.0 = Debug|x64
		{A313DB1D-CCD5-451E-A655-3389448A2FBD}.Debug|x64.ActiveCfg = Debug|x64
		{A313DB1D-CCD5-451E-A655-3389448A2FBD}.Debug|x64.Build.0 = Debug|x64
		{A313DB1D-CCD5-451E-A655-3389448A2FBD}.Debug|x86.ActiveCfg = Debug|Win32
		{A313DB1D-CCD5-451E-A655-3389448A2FBD}.Debug|x86.Build.0 = Debug|Win32
		{A313DB1D-CCD5-451E-A655-3389448A2FBD}.Release|Any CPU.ActiveCfg = Release|x64
		{A313DB1D-CCD5-451E-A655-3389448A2FBD}.Release|Any CPU.Build.0 = Release|x64
		{A313DB1D-CCD5-451E-A655-3389448A2FBD}.Release|ARM.ActiveCfg = Release|x64
		{A313DB1D-CCD5-451E-A655-3389448A2FBD}.Release|ARM.Build.0 = Release|x64
		{A313DB1D-CCD5-451E-A655-3389448A2FBD}.Release|ARM64.ActiveCfg = Release|x64
		{A313DB1D-CCD5-451E-A655-3389448A2FBD}.Release|ARM64.Build.0 = Release|x64
		{A313DB1D-CCD5-451E-A655-3389448A2FBD}.Release|x64.ActiveCfg = Release|x64
		{A313DB1D-CCD5-451E-A655-3389448A2FBD}.Release|x64.Build.0 = Release|x64
		{A313DB1D-CCD5-451E-A655-3389448A2FBD}.Release|x86.ActiveCfg = Release|Win32
		{A313DB1D-CCD5-451E-A655-3389448A2FBD}.Release|x86.Build.0 = Release|Win32
	EndGlobalSection
	GlobalSection(SolutionProperties) = preSolution
		HideSolutionNode = FALSE
	EndGlobalSection
	GlobalSection(ExtensibilityGlobals) = postSolution
		SolutionGuid = {389615C3-67E6-4FF8-AB68-E3CE4A5F621F}
	EndGlobalSection
EndGlobal
